// !$*UTF8*$!
{
	archiveVersion = 1;
	classes = {
	};
	objectVersion = 46;
	objects = {

/* Begin PBXBuildFile section */
		B2FCECD21B195F51008FC289 /* main.m in Sources */ = {isa = PBXBuildFile; fileRef = B2FCECD11B195F51008FC289 /* main.m */; };
		B2FCECD51B195F51008FC289 /* AppDelegate.m in Sources */ = {isa = PBXBuildFile; fileRef = B2FCECD41B195F51008FC289 /* AppDelegate.m */; };
		B2FCECD81B195F51008FC289 /* ViewController.m in Sources */ = {isa = PBXBuildFile; fileRef = B2FCECD71B195F51008FC289 /* ViewController.m */; };
		B2FCECDB1B195F51008FC289 /* Main.storyboard in Resources */ = {isa = PBXBuildFile; fileRef = B2FCECD91B195F51008FC289 /* Main.storyboard */; };
		B2FCECDD1B195F51008FC289 /* Images.xcassets in Resources */ = {isa = PBXBuildFile; fileRef = B2FCECDC1B195F51008FC289 /* Images.xcassets */; };
		B2FCECE01B195F51008FC289 /* LaunchScreen.xib in Resources */ = {isa = PBXBuildFile; fileRef = B2FCECDE1B195F51008FC289 /* LaunchScreen.xib */; };
		B2FCECEC1B195F51008FC289 /* PictureInPictureTests.m in Sources */ = {isa = PBXBuildFile; fileRef = B2FCECEB1B195F51008FC289 /* PictureInPictureTests.m */; };
/* End PBXBuildFile section */

/* Begin PBXContainerItemProxy section */
		B2FCECE61B195F51008FC289 /* PBXContainerItemProxy */ = {
			isa = PBXContainerItemProxy;
			containerPortal = B2FCECC41B195F51008FC289 /* Project object */;
			proxyType = 1;
			remoteGlobalIDString = B2FCECCB1B195F51008FC289;
			remoteInfo = PictureInPicture;
		};
/* End PBXContainerItemProxy section */

/* Begin PBXFileReference section */
		B2FCECCC1B195F51008FC289 /* PictureInPicture.app */ = {isa = PBXFileReference; explicitFileType = wrapper.application; includeInIndex = 0; path = PictureInPicture.app; sourceTree = BUILT_PRODUCTS_DIR; };
		B2FCECD01B195F51008FC289 /* Info.plist */ = {isa = PBXFileReference; lastKnownFileType = text.plist.xml; path = Info.plist; sourceTree = "<group>"; };
		B2FCECD11B195F51008FC289 /* main.m */ = {isa = PBXFileReference; lastKnownFileType = sourcecode.c.objc; path = main.m; sourceTree = "<group>"; };
		B2FCECD31B195F51008FC289 /* AppDelegate.h */ = {isa = PBXFileReference; lastKnownFileType = sourcecode.c.h; path = AppDelegate.h; sourceTree = "<group>"; };
		B2FCECD41B195F51008FC289 /* AppDelegate.m */ = {isa = PBXFileReference; lastKnownFileType = sourcecode.c.objc; path = AppDelegate.m; sourceTree = "<group>"; };
		B2FCECD61B195F51008FC289 /* ViewController.h */ = {isa = PBXFileReference; lastKnownFileType = sourcecode.c.h; path = ViewController.h; sourceTree = "<group>"; };
		B2FCECD71B195F51008FC289 /* ViewController.m */ = {isa = PBXFileReference; lastKnownFileType = sourcecode.c.objc; path = ViewController.m; sourceTree = "<group>"; };
		B2FCECDA1B195F51008FC289 /* Base */ = {isa = PBXFileReference; lastKnownFileType = file.storyboard; name = Base; path = Base.lproj/Main.storyboard; sourceTree = "<group>"; };
		B2FCECDC1B195F51008FC289 /* Images.xcassets */ = {isa = PBXFileReference; lastKnownFileType = folder.assetcatalog; path = Images.xcassets; sourceTree = "<group>"; };
		B2FCECDF1B195F51008FC289 /* Base */ = {isa = PBXFileReference; lastKnownFileType = file.xib; name = Base; path = Base.lproj/LaunchScreen.xib; sourceTree = "<group>"; };
		B2FCECE51B195F51008FC289 /* PictureInPictureTests.xctest */ = {isa = PBXFileReference; explicitFileType = wrapper.cfbundle; includeInIndex = 0; path = PictureInPictureTests.xctest; sourceTree = BUILT_PRODUCTS_DIR; };
		B2FCECEA1B195F51008FC289 /* Info.plist */ = {isa = PBXFileReference; lastKnownFileType = text.plist.xml; path = Info.plist; sourceTree = "<group>"; };
		B2FCECEB1B195F51008FC289 /* PictureInPictureTests.m */ = {isa = PBXFileReference; lastKnownFileType = sourcecode.c.objc; path = PictureInPictureTests.m; sourceTree = "<group>"; };
/* End PBXFileReference section */

/* Begin PBXFrameworksBuildPhase section */
		B2FCECC91B195F51008FC289 /* Frameworks */ = {
			isa = PBXFrameworksBuildPhase;
			buildActionMask = 2147483647;
			files = (
			);
			runOnlyForDeploymentPostprocessing = 0;
		};
		B2FCECE21B195F51008FC289 /* Frameworks */ = {
			isa = PBXFrameworksBuildPhase;
			buildActionMask = 2147483647;
			files = (
			);
			runOnlyForDeploymentPostprocessing = 0;
		};
/* End PBXFrameworksBuildPhase section */

/* Begin PBXGroup section */
		B2FCECC31B195F51008FC289 = {
			isa = PBXGroup;
			children = (
				B2FCECCE1B195F51008FC289 /* PictureInPicture */,
				B2FCECE81B195F51008FC289 /* PictureInPictureTests */,
				B2FCECCD1B195F51008FC289 /* Products */,
			);
			sourceTree = "<group>";
		};
		B2FCECCD1B195F51008FC289 /* Products */ = {
			isa = PBXGroup;
			children = (
				B2FCECCC1B195F51008FC289 /* PictureInPicture.app */,
				B2FCECE51B195F51008FC289 /* PictureInPictureTests.xctest */,
			);
			name = Products;
			sourceTree = "<group>";
		};
		B2FCECCE1B195F51008FC289 /* PictureInPicture */ = {
			isa = PBXGroup;
			children = (
				B2FCECD31B195F51008FC289 /* AppDelegate.h */,
				B2FCECD41B195F51008FC289 /* AppDelegate.m */,
				B2FCECD61B195F51008FC289 /* ViewController.h */,
				B2FCECD71B195F51008FC289 /* ViewController.m */,
				B2FCECD91B195F51008FC289 /* Main.storyboard */,
				B2FCECDC1B195F51008FC289 /* Images.xcassets */,
				B2FCECDE1B195F51008FC289 /* LaunchScreen.xib */,
				B2FCECCF1B195F51008FC289 /* Supporting Files */,
			);
			path = PictureInPicture;
			sourceTree = "<group>";
		};
		B2FCECCF1B195F51008FC289 /* Supporting Files */ = {
			isa = PBXGroup;
			children = (
				B2FCECD01B195F51008FC289 /* Info.plist */,
				B2FCECD11B195F51008FC289 /* main.m */,
			);
			name = "Supporting Files";
			sourceTree = "<group>";
		};
		B2FCECE81B195F51008FC289 /* PictureInPictureTests */ = {
			isa = PBXGroup;
			children = (
				B2FCECEB1B195F51008FC289 /* PictureInPictureTests.m */,
				B2FCECE91B195F51008FC289 /* Supporting Files */,
			);
			path = PictureInPictureTests;
			sourceTree = "<group>";
		};
		B2FCECE91B195F51008FC289 /* Supporting Files */ = {
			isa = PBXGroup;
			children = (
				B2FCECEA1B195F51008FC289 /* Info.plist */,
			);
			name = "Supporting Files";
			sourceTree = "<group>";
		};
/* End PBXGroup section */

/* Begin PBXNativeTarget section */
		B2FCECCB1B195F51008FC289 /* PictureInPicture */ = {
			isa = PBXNativeTarget;
			buildConfigurationList = B2FCECEF1B195F51008FC289 /* Build configuration list for PBXNativeTarget "PictureInPicture" */;
			buildPhases = (
				B2FCECC81B195F51008FC289 /* Sources */,
				B2FCECC91B195F51008FC289 /* Frameworks */,
				B2FCECCA1B195F51008FC289 /* Resources */,
			);
			buildRules = (
			);
			dependencies = (
			);
			name = PictureInPicture;
			productName = PictureInPicture;
			productReference = B2FCECCC1B195F51008FC289 /* PictureInPicture.app */;
			productType = "com.apple.product-type.application";
		};
		B2FCECE41B195F51008FC289 /* PictureInPictureTests */ = {
			isa = PBXNativeTarget;
			buildConfigurationList = B2FCECF21B195F51008FC289 /* Build configuration list for PBXNativeTarget "PictureInPictureTests" */;
			buildPhases = (
				B2FCECE11B195F51008FC289 /* Sources */,
				B2FCECE21B195F51008FC289 /* Frameworks */,
				B2FCECE31B195F51008FC289 /* Resources */,
			);
			buildRules = (
			);
			dependencies = (
				B2FCECE71B195F51008FC289 /* PBXTargetDependency */,
			);
			name = PictureInPictureTests;
			productName = PictureInPictureTests;
			productReference = B2FCECE51B195F51008FC289 /* PictureInPictureTests.xctest */;
			productType = "com.apple.product-type.bundle.unit-test";
		};
/* End PBXNativeTarget section */

/* Begin PBXProject section */
		B2FCECC41B195F51008FC289 /* Project object */ = {
			isa = PBXProject;
			attributes = {
				LastUpgradeCheck = 0630;
				ORGANIZATIONNAME = "Future Studio";
				TargetAttributes = {
					B2FCECCB1B195F51008FC289 = {
						CreatedOnToolsVersion = 6.3;
					};
					B2FCECE41B195F51008FC289 = {
						CreatedOnToolsVersion = 6.3;
						TestTargetID = B2FCECCB1B195F51008FC289;
					};
				};
			};
			buildConfigurationList = B2FCECC71B195F51008FC289 /* Build configuration list for PBXProject "PictureInPicture" */;
			compatibilityVersion = "Xcode 3.2";
			developmentRegion = English;
			hasScannedForEncodings = 0;
			knownRegions = (
				en,
				Base,
			);
			mainGroup = B2FCECC31B195F51008FC289;
			productRefGroup = B2FCECCD1B195F51008FC289 /* Products */;
			projectDirPath = "";
			projectRoot = "";
			targets = (
				B2FCECCB1B195F51008FC289 /* PictureInPicture */,
				B2FCECE41B195F51008FC289 /* PictureInPictureTests */,
			);
		};
/* End PBXProject section */

/* Begin PBXResourcesBuildPhase section */
		B2FCECCA1B195F51008FC289 /* Resources */ = {
			isa = PBXResourcesBuildPhase;
			buildActionMask = 2147483647;
			files = (
				B2FCECDB1B195F51008FC289 /* Main.storyboard in Resources */,
				B2FCECE01B195F51008FC289 /* LaunchScreen.xib in Resources */,
				B2FCECDD1B195F51008FC289 /* Images.xcassets in Resources */,
			);
			runOnlyForDeploymentPostprocessing = 0;
		};
		B2FCECE31B195F51008FC289 /* Resources */ = {
			isa = PBXResourcesBuildPhase;
			buildActionMask = 2147483647;
			files = (
			);
			runOnlyForDeploymentPostprocessing = 0;
		};
/* End PBXResourcesBuildPhase section */

/* Begin PBXSourcesBuildPhase section */
		B2FCECC81B195F51008FC289 /* Sources */ = {
			isa = PBXSourcesBuildPhase;
			buildActionMask = 2147483647;
			files = (
				B2FCECD81B195F51008FC289 /* ViewController.m in Sources */,
				B2FCECD51B195F51008FC289 /* AppDelegate.m in Sources */,
				B2FCECD21B195F51008FC289 /* main.m in Sources */,
			);
			runOnlyForDeploymentPostprocessing = 0;
		};
		B2FCECE11B195F51008FC289 /* Sources */ = {
			isa = PBXSourcesBuildPhase;
			buildActionMask = 2147483647;
			files = (
				B2FCECEC1B195F51008FC289 /* PictureInPictureTests.m in Sources */,
			);
			runOnlyForDeploymentPostprocessing = 0;
		};
/* End PBXSourcesBuildPhase section */

/* Begin PBXTargetDependency section */
		B2FCECE71B195F51008FC289 /* PBXTargetDependency */ = {
			isa = PBXTargetDependency;
			target = B2FCECCB1B195F51008FC289 /* PictureInPicture */;
			targetProxy = B2FCECE61B195F51008FC289 /* PBXContainerItemProxy */;
		};
/* End PBXTargetDependency section */

/* Begin PBXVariantGroup section */
		B2FCECD91B195F51008FC289 /* Main.storyboard */ = {
			isa = PBXVariantGroup;
			children = (
				B2FCECDA1B195F51008FC289 /* Base */,
			);
			name = Main.storyboard;
			sourceTree = "<group>";
		};
		B2FCECDE1B195F51008FC289 /* LaunchScreen.xib */ = {
			isa = PBXVariantGroup;
			children = (
				B2FCECDF1B195F51008FC289 /* Base */,
			);
			name = LaunchScreen.xib;
			sourceTree = "<group>";
		};
/* End PBXVariantGroup section */

/* Begin XCBuildConfiguration section */
		B2FCECED1B195F51008FC289 /* Debug */ = {
			isa = XCBuildConfiguration;
			buildSettings = {
				ALWAYS_SEARCH_USER_PATHS = NO;
				CLANG_CXX_LANGUAGE_STANDARD = "gnu++0x";
				CLANG_CXX_LIBRARY = "libc++";
				CLANG_ENABLE_MODULES = YES;
				CLANG_ENABLE_OBJC_ARC = YES;
				CLANG_WARN_BOOL_CONVERSION = YES;
				CLANG_WARN_CONSTANT_CONVERSION = YES;
				CLANG_WARN_DIRECT_OBJC_ISA_USAGE = YES_ERROR;
				CLANG_WARN_EMPTY_BODY = YES;
				CLANG_WARN_ENUM_CONVERSION = YES;
				CLANG_WARN_INT_CONVERSION = YES;
				CLANG_WARN_OBJC_ROOT_CLASS = YES_ERROR;
				CLANG_WARN_UNREACHABLE_CODE = YES;
				CLANG_WARN__DUPLICATE_METHOD_MATCH = YES;
				"CODE_SIGN_IDENTITY[sdk=iphoneos*]" = "iPhone Developer";
				COPY_PHASE_STRIP = NO;
				DEBUG_INFORMATION_FORMAT = "dwarf-with-dsym";
				ENABLE_STRICT_OBJC_MSGSEND = YES;
				GCC_C_LANGUAGE_STANDARD = gnu99;
				GCC_DYNAMIC_NO_PIC = NO;
				GCC_NO_COMMON_BLOCKS = YES;
				GCC_OPTIMIZATION_LEVEL = 0;
				GCC_PREPROCESSOR_DEFINITIONS = (
					"DEBUG=1",
					"$(inherited)",
				);
				GCC_SYMBOLS_PRIVATE_EXTERN = NO;
				GCC_WARN_64_TO_32_BIT_CONVERSION = YES;
				GCC_WARN_ABOUT_RETURN_TYPE = YES_ERROR;
				GCC_WARN_UNDECLARED_SELECTOR = YES;
				GCC_WARN_UNINITIALIZED_AUTOS = YES_AGGRESSIVE;
				GCC_WARN_UNUSED_FUNCTION = YES;
				GCC_WARN_UNUSED_VARIABLE = YES;
				IPHONEOS_DEPLOYMENT_TARGET = 8.3;
				MTL_ENABLE_DEBUG_INFO = YES;
				ONLY_ACTIVE_ARCH = YES;
				SDKROOT = iphoneos;
			};
			name = Debug;
		};
		B2FCECEE1B195F51008FC289 /* Release */ = {
			isa = XCBuildConfiguration;
			buildSettings = {
				ALWAYS_SEARCH_USER_PATHS = NO;
				CLANG_CXX_LANGUAGE_STANDARD = "gnu++0x";
				CLANG_CXX_LIBRARY = "libc++";
				CLANG_ENABLE_MODULES = YES;
				CLANG_ENABLE_OBJC_ARC = YES;
				CLANG_WARN_BOOL_CONVERSION = YES;
				CLANG_WARN_CONSTANT_CONVERSION = YES;
				CLANG_WARN_DIRECT_OBJC_ISA_USAGE = YES_ERROR;
				CLANG_WARN_EMPTY_BODY = YES;
				CLANG_WARN_ENUM_CONVERSION = YES;
				CLANG_WARN_INT_CONVERSION = YES;
				CLANG_WARN_OBJC_ROOT_CLASS = YES_ERROR;
				CLANG_WARN_UNREACHABLE_CODE = YES;
				CLANG_WARN__DUPLICATE_METHOD_MATCH = YES;
				"CODE_SIGN_IDENTITY[sdk=iphoneos*]" = "iPhone Developer";
				COPY_PHASE_STRIP = NO;
				DEBUG_INFORMATION_FORMAT = "dwarf-with-dsym";
				ENABLE_NS_ASSERTIONS = NO;
				ENABLE_STRICT_OBJC_MSGSEND = YES;
				GCC_C_LANGUAGE_STANDARD = gnu99;
				GCC_NO_COMMON_BLOCKS = YES;
				GCC_WARN_64_TO_32_BIT_CONVERSION = YES;
				GCC_WARN_ABOUT_RETURN_TYPE = YES_ERROR;
				GCC_WARN_UNDECLARED_SELECTOR = YES;
				GCC_WARN_UNINITIALIZED_AUTOS = YES_AGGRESSIVE;
				GCC_WARN_UNUSED_FUNCTION = YES;
				GCC_WARN_UNUSED_VARIABLE = YES;
				IPHONEOS_DEPLOYMENT_TARGET = 8.3;
				MTL_ENABLE_DEBUG_INFO = NO;
				SDKROOT = iphoneos;
				VALIDATE_PRODUCT = YES;
			};
			name = Release;
		};
		B2FCECF01B195F51008FC289 /* Debug */ = {
			isa = XCBuildConfiguration;
			buildSettings = {
				ASSETCATALOG_COMPILER_APPICON_NAME = AppIcon;
				INFOPLIST_FILE = PictureInPicture/Info.plist;
				LD_RUNPATH_SEARCH_PATHS = "$(inherited) @executable_path/Frameworks";
				PRODUCT_NAME = "$(TARGET_NAME)";
			};
			name = Debug;
		};
		B2FCECF11B195F51008FC289 /* Release */ = {
			isa = XCBuildConfiguration;
			buildSettings = {
				ASSETCATALOG_COMPILER_APPICON_NAME = AppIcon;
				INFOPLIST_FILE = PictureInPicture/Info.plist;
				LD_RUNPATH_SEARCH_PATHS = "$(inherited) @executable_path/Frameworks";
				PRODUCT_NAME = "$(TARGET_NAME)";
			};
			name = Release;
		};
		B2FCECF31B195F51008FC289 /* Debug */ = {
			isa = XCBuildConfiguration;
			buildSettings = {
				BUNDLE_LOADER = "$(TEST_HOST)";
				FRAMEWORK_SEARCH_PATHS = (
					"$(SDKROOT)/Developer/Library/Frameworks",
					"$(inherited)",
				);
				GCC_PREPROCESSOR_DEFINITIONS = (
					"DEBUG=1",
					"$(inherited)",
				);
				INFOPLIST_FILE = PictureInPictureTests/Info.plist;
				LD_RUNPATH_SEARCH_PATHS = "$(inherited) @executable_path/Frameworks @loader_path/Frameworks";
				PRODUCT_NAME = "$(TARGET_NAME)";
				TEST_HOST = "$(BUILT_PRODUCTS_DIR)/PictureInPicture.app/PictureInPicture";
			};
			name = Debug;
		};
		B2FCECF41B195F51008FC289 /* Release */ = {
			isa = XCBuildConfiguration;
			buildSettings = {
				BUNDLE_LOADER = "$(TEST_HOST)";
				FRAMEWORK_SEARCH_PATHS = (
					"$(SDKROOT)/Developer/Library/Frameworks",
					"$(inherited)",
				);
				INFOPLIST_FILE = PictureInPictureTests/Info.plist;
				LD_RUNPATH_SEARCH_PATHS = "$(inherited) @executable_path/Frameworks @loader_path/Frameworks";
				PRODUCT_NAME = "$(TARGET_NAME)";
				TEST_HOST = "$(BUILT_PRODUCTS_DIR)/PictureInPicture.app/PictureInPicture";
			};
			name = Release;
		};
/* End XCBuildConfiguration section */

/* Begin XCConfigurationList section */
		B2FCECC71B195F51008FC289 /* Build configuration list for PBXProject "PictureInPicture" */ = {
			isa = XCConfigurationList;
			buildConfigurations = (
				B2FCECED1B195F51008FC289 /* Debug */,
				B2FCECEE1B195F51008FC289 /* Release */,
			);
			defaultConfigurationIsVisible = 0;
			defaultConfigurationName = Release;
		};
		B2FCECEF1B195F51008FC289 /* Build configuration list for PBXNativeTarget "PictureInPicture" */ = {
			isa = XCConfigurationList;
			buildConfigurations = (
				B2FCECF01B195F51008FC289 /* Debug */,
				B2FCECF11B195F51008FC289 /* Release */,
			);
			defaultConfigurationIsVisible = 0;
		};
		B2FCECF21B195F51008FC289 /* Build configuration list for PBXNativeTarget "PictureInPictureTests" */ = {
			isa = XCConfigurationList;
			buildConfigurations = (
				B2FCECF31B195F51008FC289 /* Debug */,
				B2FCECF41B195F51008FC289 /* Release */,
			);
			defaultConfigurationIsVisible = 0;
		};
/* End XCConfigurationList section */
	};
	rootObject = B2FCECC41B195F51008FC289 /* Project object */;
}
